{
  "name": "ube-landing",
  "version": "0.2.0",
  "lockfileVersion": 3,
  "requires": true,
  "packages": {
    "": {
      "name": "ube-landing",
      "version": "0.2.0",
      "dependencies": {
        "@amplitude/unified": "^1.1.9"
      },
      "devDependencies": {
        "@biomejs/biome": "2.4.15",
        "esbuild": "^0.28.0"
      }
    },
    "node_modules/@amplitude/analytics-browser": {
      "version": "2.42.4",
      "resolved": "https://registry.npmjs.org/@amplitude/analytics-browser/-/analytics-browser-2.42.4.tgz",
      "integrity": "sha512-q1XUlaKQkLq2CFx8xsVEc+uekOwHlnDYyaMBzlQDf2vcEaPaQDb7LzJ7z4CFs4Jn9FyBGDNo4w3IYjv9L6xjGA==",
      "license": "MIT",
      "dependencies": {
        "@amplitude/analytics-core": "2.48.2",
        "@amplitude/plugin-autocapture-browser": "1.27.2",
        "@amplitude/plugin-custom-enrichment-browser": "0.1.9",
        "@amplitude/plugin-event-property-attribution-browser": "0.2.1",
        "@amplitude/plugin-network-capture-browser": "1.10.1",
        "@amplitude/plugin-page-url-enrichment-browser": "0.7.11",
        "@amplitude/plugin-page-view-tracking-browser": "2.11.1",
        "@amplitude/plugin-web-vitals-browser": "1.1.33",
        "tslib": "^2.4.1"
      }
    },
    "node_modules/@amplitude/analytics-client-common": {
      "version": "2.4.48",
      "resolved": "https://registry.npmjs.org/@amplitude/analytics-client-common/-/analytics-client-common-2.4.48.tgz",
      "integrity": "sha512-jdRvu8ux3aIf74FvTDZuSFR1mutzdrIg1ebXYqpKizs9upXz1AJnHClkldSw9i4yu924AJ2wudxq6dccHWlNiA==",
      "license": "MIT",
      "dependencies": {
        "@amplitude/analytics-connector": "^1.4.8",
        "@amplitude/analytics-core": "2.48.2",
        "@amplitude/analytics-types": "2.11.1",
        "tslib": "^2.4.1"
      }
    },
    "node_modules/@amplitude/analytics-connector": {
      "version": "1.6.4",
      "resolved": "https://registry.npmjs.org/@amplitude/analytics-connector/-/analytics-connector-1.6.4.tgz",
      "integrity": "sha512-SpIv0IQMNIq6SH3UqFGiaZyGSc7PBZwRdq7lvP0pBxW8i4Ny+8zwI0pV+VMfMHQwWY3wdIbWw5WQphNjpdq1/Q==",
      "license": "MIT"
    },
    "node_modules/@amplitude/analytics-core": {
      "version": "2.48.2",
      "resolved": "https://registry.npmjs.org/@amplitude/analytics-core/-/analytics-core-2.48.2.tgz",
      "integrity": "sha512-r9O+hsTnTsDa1p6QdyC0KbBPXupzoWz9053RQB9XQz8078LM+5KCMbCKYOrSYniH4DH/OM2kOUEdJlwdxIl/IA==",
      "license": "MIT",
      "dependencies": {
        "@amplitude/analytics-connector": "^1.6.4",
        "@types/zen-observable": "0.8.3",
        "safe-json-stringify": "1.2.0",
        "tslib": "^2.4.1",
        "zen-observable": "0.10.0"
      }
    },
    "node_modules/@amplitude/analytics-types": {
      "version": "2.11.1",
      "resolved": "https://registry.npmjs.org/@amplitude/analytics-types/-/analytics-types-2.11.1.tgz",
      "integrity": "sha512-wFEgb0t99ly2uJKm5oZ28Lti0Kh5RecR5XBkwfUpDzn84IoCIZ8GJTsMw/nThu8FZFc7xFDA4UAt76zhZKrs9A==",
      "license": "MIT"
    },
    "node_modules/@amplitude/engagement-browser": {
      "version": "1.0.9",
      "resolved": "https://registry.npmjs.org/@amplitude/engagement-browser/-/engagement-browser-1.0.9.tgz",
      "integrity": "sha512-zvPr0L5aLlOS3nG8scIkEEDMVK2y3MaMbgjYhMfYruhMpfsC/U0apov22nEc1RRrTwve2awEXruPRKf1TysqrQ==",
      "license": "MIT",
      "dependencies": {
        "@amplitude/analytics-types": "^2.0.0"
      }
    },
    "node_modules/@amplitude/experiment-core": {
      "version": "0.13.1",
      "resolved": "https://registry.npmjs.org/@amplitude/experiment-core/-/experiment-core-0.13.1.tgz",
      "integrity": "sha512-ZHvR0dxTltasp8MiMcQ6qKsY20mWnODoy3oebGad6qaRR1ywpUi8IuLf5AwLTM35ZwgzEUTn9TEIWKLHpDwHMw==",
      "license": "MIT",
      "dependencies": {
        "js-base64": "^3.7.5"
      }
    },
    "node_modules/@amplitude/experiment-js-client": {
      "version": "1.21.1",
      "resolved": "https://registry.npmjs.org/@amplitude/experiment-js-client/-/experiment-js-client-1.21.1.tgz",
      "integrity": "sha512-chE/4qQG/5Cgl93Wqj1NEdgOL5LkqySLlfk1EN0f+7bJa52HpkGFALA2FeCNYf31Z5CglEeKX6dUMgL7y33SIw==",
      "license": "MIT",
      "dependencies": {
        "@amplitude/analytics-connector": "^1.6.4",
        "@amplitude/experiment-core": "^0.13.1",
        "@amplitude/ua-parser-js": "^0.7.31",
        "base64-js": "1.5.1",
        "unfetch": "4.1.0"
      }
    },
    "node_modules/@amplitude/plugin-autocapture-browser": {
      "version": "1.27.2",
      "resolved": "https://registry.npmjs.org/@amplitude/plugin-autocapture-browser/-/plugin-autocapture-browser-1.27.2.tgz",
      "integrity": "sha512-UTA/0IDw/f2nnK+S1XILqoI5pgUgMTEZokDS6+pC4wuYtmOS9uNAgKuyajzjW12uobybMHRpv7xLjCJ5khKGAg==",
      "license": "MIT",
      "dependencies": {
        "@amplitude/analytics-core": "2.48.2",
        "tslib": "^2.4.1"
      }
    },
    "node_modules/@amplitude/plugin-custom-enrichment-browser": {
      "version": "0.1.9",
      "resolved": "https://registry.npmjs.org/@amplitude/plugin-custom-enrichment-browser/-/plugin-custom-enrichment-browser-0.1.9.tgz",
      "integrity": "sha512-wemh2Tw3zgQ7sa7MUNyMGz9OR6VjTG4tlAMrLlDKbQ4tVkgNI3oAwOF7+0BA8qzgeMXX6iw+CEKaE+EC/okkuQ==",
      "license": "MIT",
      "dependencies": {
        "@amplitude/analytics-core": "2.48.2",
        "tslib": "^2.4.1"
      }
    },
    "node_modules/@amplitude/plugin-event-property-attribution-browser": {
      "version": "0.2.1",
      "resolved": "https://registry.npmjs.org/@amplitude/plugin-event-property-attribution-browser/-/plugin-event-property-attribution-browser-0.2.1.tgz",
      "integrity": "sha512-xqBCZe0DYsKyQ1eELN2LM8adXwRE2eOi3SnvSu9SkS0GDXBYWinuPCuLqyc/3uD5hY2FLACWvakpU0tr7GDJgg==",
      "license": "MIT",
      "dependencies": {
        "@amplitude/analytics-core": "2.48.2",
        "tslib": "^2.4.1"
      }
    },
    "node_modules/@amplitude/plugin-experiment-browser": {
      "version": "1.0.0-beta.28",
      "resolved": "https://registry.npmjs.org/@amplitude/plugin-experiment-browser/-/plugin-experiment-browser-1.0.0-beta.28.tgz",
      "integrity": "sha512-NQz267zLi7vl2G2lx10yUrEoGOCe5K9iqcPSIjbTavGu/XGvsmqLDqBHhg+EkdEMAPwypoXnmtPEs3RMhX+1MA==",
      "license": "MIT",
      "dependencies": {
        "@amplitude/analytics-core": "2.48.2",
        "@amplitude/experiment-js-client": "^1.15.5"
      }
    },
    "node_modules/@amplitude/plugin-network-capture-browser": {
      "version": "1.10.1",
      "resolved": "https://registry.npmjs.org/@amplitude/plugin-network-capture-browser/-/plugin-network-capture-browser-1.10.1.tgz",
      "integrity": "sha512-jROIAkUDPd25A/t8W5MpmsTiBat2qoJbCMoNBKKxLMNEaE8VYbheflByWLkm4enbHgWS7OveWy0i3Oc7uPCfAg==",
      "license": "MIT",
      "dependencies": {
        "@amplitude/analytics-core": "2.48.2",
        "tslib": "^2.4.1"
      }
    },
    "node_modules/@amplitude/plugin-page-url-enrichment-browser": {
      "version": "0.7.11",
      "resolved": "https://registry.npmjs.org/@amplitude/plugin-page-url-enrichment-browser/-/plugin-page-url-enrichment-browser-0.7.11.tgz",
      "integrity": "sha512-u9JhUP/VenJifCSbdTz2YZZiXAphs3efzd+qx1SRAIU6d1swPh0g/GVw3sTwvH+4MZtw3SwVC1OFxmz+f2QVyA==",
      "license": "MIT",
      "dependencies": {
        "@amplitude/analytics-core": "2.48.2",
        "tslib": "^2.4.1"
      }
    },
    "node_modules/@amplitude/plugin-page-view-tracking-browser": {
      "version": "2.11.1",
      "resolved": "https://registry.npmjs.org/@amplitude/plugin-page-view-tracking-browser/-/plugin-page-view-tracking-browser-2.11.1.tgz",
      "integrity": "sha512-tfXg6Uir6X1XuWsOOXE/EgZ9NvM7i2ktDdagydSrFN6OyVkMvqdjPKUZSSUPuHtOoomboi3WaZsTUfq1jkWP3w==",
      "license": "MIT",
      "dependencies": {
        "@amplitude/analytics-core": "2.48.2",
        "tslib": "^2.4.1"
      }
    },
    "node_modules/@amplitude/plugin-session-replay-browser": {
      "version": "1.31.0",
      "resolved": "https://registry.npmjs.org/@amplitude/plugin-session-replay-browser/-/plugin-session-replay-browser-1.31.0.tgz",
      "integrity": "sha512-b7kyYVEdW3EMR6cPXCfld+h8nQsuAR5o6vum8Glu+ofhFDfG4wj/mTJ0ITEaNbsJCfXniKQ3kFgTe6hTtxSFGQ==",
      "license": "MIT",
      "dependencies": {
        "@amplitude/analytics-client-common": "2.4.48",
        "@amplitude/analytics-core": "2.48.2",
        "@amplitude/analytics-types": "2.11.1",
        "@amplitude/rrweb-plugin-console-record": "2.0.0-alpha.40",
        "@amplitude/rrweb-record": "2.0.0-alpha.40",
        "@amplitude/session-replay-browser": "1.44.0",
        "idb-keyval": "^6.2.1",
        "tslib": "^2.4.1"
      }
    },
    "node_modules/@amplitude/plugin-web-vitals-browser": {
      "version": "1.1.33",
      "resolved": "https://registry.npmjs.org/@amplitude/plugin-web-vitals-browser/-/plugin-web-vitals-browser-1.1.33.tgz",
      "integrity": "sha512-33FzxMH1Lr2lhvr5DDy3xD1HHWEI4KPLQsMUXqDTldkLl/ENNeBWcsljQTTDJipmRdS32I79KJhuHRNaoXd6fg==",
      "license": "MIT",
      "dependencies": {
        "@amplitude/analytics-core": "2.48.2",
        "tslib": "^2.4.1",
        "web-vitals": "5.1.0"
      }
    },
    "node_modules/@amplitude/rrdom": {
      "version": "2.1.0",
      "resolved": "https://registry.npmjs.org/@amplitude/rrdom/-/rrdom-2.1.0.tgz",
      "integrity": "sha512-2dAtxXL02usBV2CSOnScLd3WoVqWaeiGpxN8LuXJ0r/NpLJkW1k876v2tRKAz5NrxPwSdjihsMmwCIXHpJhHfA==",
      "license": "MIT",
      "dependencies": {
        "@amplitude/rrweb-snapshot": "^2.1.0"
      }
    },
    "node_modules/@amplitude/rrweb": {
      "version": "2.1.1",
      "resolved": "https://registry.npmjs.org/@amplitude/rrweb/-/rrweb-2.1.1.tgz",
      "integrity": "sha512-6uA+5VE/VHumaXPXTTLGRogd/K9MDwd01jGteppeLzsX0PvqlDyY5aIi35yh9+q1iS6ciPBn/2NRg0lg4cFIlw==",
      "license": "MIT",
      "dependencies": {
        "@amplitude/rrdom": "^2.1.0",
        "@amplitude/rrweb-snapshot": "^2.1.0",
        "@amplitude/rrweb-types": "^2.1.0",
        "@amplitude/rrweb-utils": "^2.1.0",
        "@types/css-font-loading-module": "0.0.7",
        "@xstate/fsm": "^1.4.0",
        "base64-arraybuffer": "^1.0.1",
        "mitt": "^3.0.0"
      }
    },
    "node_modules/@amplitude/rrweb-packer": {
      "version": "2.0.0-alpha.40",
      "resolved": "https://registry.npmjs.org/@amplitude/rrweb-packer/-/rrweb-packer-2.0.0-alpha.40.tgz",
      "integrity": "sha512-Btb6b9pS1IvDMbvyYxpUdTk9NRJugSoJjRCl7R6jP/iSlPWXoveJIwHaNFAS9ZmWUEK7HhyBJ8bKGFN3giUsDg==",
      "license": "MIT",
      "dependencies": {
        "@amplitude/rrweb-types": "^2.0.0-alpha.40",
        "fflate": "^0.4.4"
      }
    },
    "node_modules/@amplitude/rrweb-plugin-console-record": {
      "version": "2.0.0-alpha.40",
      "resolved": "https://registry.npmjs.org/@amplitude/rrweb-plugin-console-record/-/rrweb-plugin-console-record-2.0.0-alpha.40.tgz",
      "integrity": "sha512-vtY7T/kGFl62nC1u7ZUXQvU7ulB70cZGVHPRN/SO9fzVfsY7y6rCmBfoc2jS5KmISdlgkVzMjY2r/EE2Gk9AQA==",
      "license": "MIT",
      "peerDependencies": {
        "@amplitude/rrweb": "^2.0.0-alpha.40"
      }
    },
    "node_modules/@amplitude/rrweb-record": {
      "version": "2.0.0-alpha.40",
      "resolved": "https://registry.npmjs.org/@amplitude/rrweb-record/-/rrweb-record-2.0.0-alpha.40.tgz",
      "integrity": "sha512-5cJhQwzhymJWX5/XOtpWK0h2NLq9+t2YiO6ub0cdZ9F5AZizaRbsVH88int07DfX0YiXTKWbISezVuduCLqgSQ==",
      "license": "MIT",
      "dependencies": {
        "@amplitude/rrweb": "^2.0.0-alpha.40",
        "@amplitude/rrweb-types": "^2.0.0-alpha.40"
      }
    },
    "node_modules/@amplitude/rrweb-snapshot": {
      "version": "2.1.0",
      "resolved": "https://registry.npmjs.org/@amplitude/rrweb-snapshot/-/rrweb-snapshot-2.1.0.tgz",
      "integrity": "sha512-xYQvOW73ig+5M7caqilA8j0S6MHWUULLeJNK+2VVvUqv8mr4FMT2DUAQiVBGCImNlb9Gu2rLUfCScMnVxn+EDg==",
      "license": "MIT",
      "dependencies": {
        "postcss": "^8.4.38"
      }
    },
    "node_modules/@amplitude/rrweb-types": {
      "version": "2.1.0",
      "resolved": "https://registry.npmjs.org/@amplitude/rrweb-types/-/rrweb-types-2.1.0.tgz",
      "integrity": "sha512-S73tBI/04A6HCHgnrUNeeVOvnDTEoQnNrmZGyrZncJwRlTIX+6BQSYtBFofMag8GnAy9gA+NtC0TL0CnluOWBw==",
      "license": "MIT"
    },
    "node_modules/@amplitude/rrweb-utils": {
      "version": "2.1.0",
      "resolved": "https://registry.npmjs.org/@amplitude/rrweb-utils/-/rrweb-utils-2.1.0.tgz",
      "integrity": "sha512-dTCDnSiMMHZ10utYHJ8dSd/xkjFgdF67y74PkOzAPcCKW1rLxyJYcFOA3uPL2b7cIVVmoel/5NTp5eflaUaJfQ==",
      "license": "MIT"
    },
    "node_modules/@amplitude/session-replay-browser": {
      "version": "1.44.0",
      "resolved": "https://registry.npmjs.org/@amplitude/session-replay-browser/-/session-replay-browser-1.44.0.tgz",
      "integrity": "sha512-8Ruep2TTDMcfVMKurSpBbVclBK/v8Lb3aSHFsYd/xOQ1E3CaKoAu39pplli28NWoUcW7unyVE7khkOa2zzn0Lw==",
      "license": "MIT",
      "dependencies": {
        "@amplitude/analytics-client-common": "2.4.48",
        "@amplitude/analytics-core": "2.48.2",
        "@amplitude/analytics-types": "2.11.1",
        "@amplitude/experiment-core": "0.7.2",
        "@amplitude/rrweb-packer": "2.0.0-alpha.40",
        "@amplitude/rrweb-plugin-console-record": "2.0.0-alpha.40",
        "@amplitude/rrweb-record": "2.0.0-alpha.40",
        "@amplitude/rrweb-types": "2.0.0-alpha.40",
        "@amplitude/rrweb-utils": "2.0.0-alpha.40",
        "@amplitude/targeting": "0.2.0",
        "@rollup/plugin-replace": "^6.0.1",
        "idb": "8.0.0",
        "tslib": "^2.4.1"
      }
    },
    "node_modules/@amplitude/session-replay-browser/node_modules/@amplitude/experiment-core": {
      "version": "0.7.2",
      "resolved": "https://registry.npmjs.org/@amplitude/experiment-core/-/experiment-core-0.7.2.tgz",
      "integrity": "sha512-Wc2NWvgQ+bLJLeF0A9wBSPIaw0XuqqgkPKsoNFQrmS7r5Djd56um75In05tqmVntPJZRvGKU46pAp8o5tdf4mA==",
      "license": "MIT",
      "dependencies": {
        "js-base64": "^3.7.5"
      }
    },
    "node_modules/@amplitude/session-replay-browser/node_modules/@amplitude/rrweb-types": {
      "version": "2.0.0-alpha.40",
      "resolved": "https://registry.npmjs.org/@amplitude/rrweb-types/-/rrweb-types-2.0.0-alpha.40.tgz",
      "integrity": "sha512-rP7CBDkzXupxOA7ukvC+zDYLuCtsz54TuJKC4+5O72Jsz4YdokLznKZRG34P6zXozfhGU0261qckk87lLY6mKQ==",
      "license": "MIT"
    },
    "node_modules/@amplitude/session-replay-browser/node_modules/@amplitude/rrweb-utils": {
      "version": "2.0.0-alpha.40",
      "resolved": "https://registry.npmjs.org/@amplitude/rrweb-utils/-/rrweb-utils-2.0.0-alpha.40.tgz",
      "integrity": "sha512-i1CCt6MCjlqoeNc+1Hse5bz+ZbASaWaIJ0WdJZvnQjUCHH29Xy/QFouyOuor73RZ+UWX4s2tYSrUIdmBepXk3w==",
      "license": "MIT"
    },
    "node_modules/@amplitude/targeting": {
      "version": "0.2.0",
      "resolved": "https://registry.npmjs.org/@amplitude/targeting/-/targeting-0.2.0.tgz",
      "integrity": "sha512-/50ywTrC4hfcfJVBbh5DFbqMPPfaIOivZeb5Gb+OGM03QrA+lsUqdvtnKLNuWtceD4H6QQ2KFzPJ5aAJLyzVDA==",
      "license": "MIT",
      "dependencies": {
        "@amplitude/analytics-client-common": ">=1 <3",
        "@amplitude/analytics-core": ">=1 <3",
        "@amplitude/analytics-types": ">=1 <3",
        "@amplitude/experiment-core": "0.7.2",
        "idb": "^8.0.0",
        "tslib": "^2.4.1"
      }
    },
    "node_modules/@amplitude/targeting/node_modules/@amplitude/experiment-core": {
      "version": "0.7.2",
      "resolved": "https://registry.npmjs.org/@amplitude/experiment-core/-/experiment-core-0.7.2.tgz",
      "integrity": "sha512-Wc2NWvgQ+bLJLeF0A9wBSPIaw0XuqqgkPKsoNFQrmS7r5Djd56um75In05tqmVntPJZRvGKU46pAp8o5tdf4mA==",
      "license": "MIT",
      "dependencies": {
        "js-base64": "^3.7.5"
      }
    },
    "node_modules/@amplitude/ua-parser-js": {
      "version": "0.7.33",
      "resolved": "https://registry.npmjs.org/@amplitude/ua-parser-js/-/ua-parser-js-0.7.33.tgz",
      "integrity": "sha512-wKEtVR4vXuPT9cVEIJkYWnlF++Gx3BdLatPBM+SZ1ztVIvnhdGBZR/mn9x/PzyrMcRlZmyi6L56I2J3doVBnjA==",
      "funding": [
        {
          "type": "opencollective",
          "url": "https://opencollective.com/ua-parser-js"
        },
        {
          "type": "paypal",
          "url": "https://paypal.me/faisalman"
        }
      ],
      "license": "MIT",
      "engines": {
        "node": "*"
      }
    },
    "node_modules/@amplitude/unified": {
      "version": "1.1.9",
      "resolved": "https://registry.npmjs.org/@amplitude/unified/-/unified-1.1.9.tgz",
      "integrity": "sha512-YPgQbp/vDQ92GshHs2hfUxoeRnR3rRBWCoQ6wXgFjXQ1uiJf2tP0CBZWdrCStSDuhcpo2rsCz/Ek2LGq5J6SIQ==",
      "license": "MIT",
      "dependencies": {
        "@amplitude/analytics-browser": "2.42.4",
        "@amplitude/analytics-core": "2.48.2",
        "@amplitude/engagement-browser": "^1.0.3",
        "@amplitude/plugin-experiment-browser": "1.0.0-beta.28",
        "@amplitude/plugin-session-replay-browser": "1.31.0"
      }
    },
    "node_modules/@biomejs/biome": {
      "version": "2.4.15",
      "resolved": "https://registry.npmjs.org/@biomejs/biome/-/biome-2.4.15.tgz",
      "integrity": "sha512-j5VH3a/h/HXTKBM50MDMxRCzkeLv9S2XJcW2WgnZT1+xyisi+0bISrXR82gCX+8S9lvK0skEvHJRN+3Ktr2hlw==",
      "dev": true,
      "license": "MIT OR Apache-2.0",
      "bin": {
        "biome": "bin/biome"
      },
      "engines": {
        "node": ">=14.21.3"
      },
      "funding": {
        "type": "opencollective",
        "url": "https://opencollective.com/biome"
      },
      "optionalDependencies": {
        "@biomejs/cli-darwin-arm64": "2.4.15",
        "@biomejs/cli-darwin-x64": "2.4.15",
        "@biomejs/cli-linux-arm64": "2.4.15",
        "@biomejs/cli-linux-arm64-musl": "2.4.15",
        "@biomejs/cli-linux-x64": "2.4.15",
        "@biomejs/cli-linux-x64-musl": "2.4.15",
        "@biomejs/cli-win32-arm64": "2.4.15",
        "@biomejs/cli-win32-x64": "2.4.15"
      }
    },
    "node_modules/@biomejs/cli-darwin-arm64": {
      "version": "2.4.15",
      "resolved": "https://registry.npmjs.org/@biomejs/cli-darwin-arm64/-/cli-darwin-arm64-2.4.15.tgz",
      "integrity": "sha512-rF3PPqLq1yoST79zaQbDjVJwsuIeci/O+9bgNmC5QpgOqz6aqYuzA4abyAGx+mgyiDXn4A049xAN8gijbuR1Qg==",
      "cpu": [
        "arm64"
      ],
      "dev": true,
      "license": "MIT OR Apache-2.0",
      "optional": true,
      "os": [
        "darwin"
      ],
      "engines": {
        "node": ">=14.21.3"
      }
    },
    "node_modules/@biomejs/cli-darwin-x64": {
      "version": "2.4.15",
      "resolved": "https://registry.npmjs.org/@biomejs/cli-darwin-x64/-/cli-darwin-x64-2.4.15.tgz",
      "integrity": "sha512-/5KHXYMfSJs1fNXiX30xFtI8JcCFV6zaVVLxOa0M2sfqBKHkpQhRTv94yxQWxeTY2lzo2OuTlNvPC+hDQt2wcQ==",
      "cpu": [
        "x64"
      ],
      "dev": true,
      "license": "MIT OR Apache-2.0",
      "optional": true,
      "os": [
        "darwin"
      ],
      "engines": {
        "node": ">=14.21.3"
      }
    },
    "node_modules/@biomejs/cli-linux-arm64": {
      "version": "2.4.15",
      "resolved": "https://registry.npmjs.org/@biomejs/cli-linux-arm64/-/cli-linux-arm64-2.4.15.tgz",
      "integrity": "sha512-owaAMZD/T4LrD0ELNCk0Km3qrRHuM0X6EAyVE1FSqGY0rbLoiDLrO4Us2tllm6cAeB2Ioa9C2C08NZPdr8+0Ug==",
      "cpu": [
        "arm64"
      ],
      "dev": true,
      "libc": [
        "glibc"
      ],
      "license": "MIT OR Apache-2.0",
      "optional": true,
      "os": [
        "linux"
      ],
      "engines": {
        "node": ">=14.21.3"
      }
    },
    "node_modules/@biomejs/cli-linux-arm64-musl": {
      "version": "2.4.15",
      "resolved": "https://registry.npmjs.org/@biomejs/cli-linux-arm64-musl/-/cli-linux-arm64-musl-2.4.15.tgz",
      "integrity": "sha512-ZPcxznxm0pogHBLZhYntyR3sR+MrZjqJIKEr7ZqVen0Rl+P/4upVmfYXjftizi9RoqZntg33fv/1fbdhbYXpEQ==",
      "cpu": [
        "arm64"
      ],
      "dev": true,
      "libc": [
        "musl"
      ],
      "license": "MIT OR Apache-2.0",
      "optional": true,
      "os": [
        "linux"
      ],
      "engines": {
        "node": ">=14.21.3"
      }
    },
    "node_modules/@biomejs/cli-linux-x64": {
      "version": "2.4.15",
      "resolved": "https://registry.npmjs.org/@biomejs/cli-linux-x64/-/cli-linux-x64-2.4.15.tgz",
      "integrity": "sha512-0jj7THz12GbUOLmMibktK6DZjqz2zV64KFxyBtcFTKPiiOIY0a7vns1elpO1dERvxpsZ5ik0oFfz0oGwFde1+g==",
      "cpu": [
        "x64"
      ],
      "dev": true,
      "libc": [
        "glibc"
      ],
      "license": "MIT OR Apache-2.0",
      "optional": true,
      "os": [
        "linux"
      ],
      "engines": {
        "node": ">=14.21.3"
      }
    },
    "node_modules/@biomejs/cli-linux-x64-musl": {
      "version": "2.4.15",
      "resolved": "https://registry.npmjs.org/@biomejs/cli-linux-x64-musl/-/cli-linux-x64-musl-2.4.15.tgz",
      "integrity": "sha512-CNq/9W38SYSH023lfcQ4KKU8K0YX8T//FZUhcgtMMRABDojx5XsMV7jlweAvGSl389wJQB29Qo6Zb/a+jdvt+w==",
      "cpu": [
        "x64"
      ],
      "dev": true,
      "libc": [
        "musl"
      ],
      "license": "MIT OR Apache-2.0",
      "optional": true,
      "os": [
        "linux"
      ],
      "engines": {
        "node": ">=14.21.3"
      }
    },
    "node_modules/@biomejs/cli-win32-arm64": {
      "version": "2.4.15",
      "resolved": "https://registry.npmjs.org/@biomejs/cli-win32-arm64/-/cli-win32-arm64-2.4.15.tgz",
      "integrity": "sha512-ouhkYdlhp/1GghEJPdWwD/Vi3gQ1nFxuSpMolWsbq3Lsq3QUR4jl6UdhhscdCugKU5vOEuMiJhvKj66O0OCq+w==",
      "cpu": [
        "arm64"
      ],
      "dev": true,
      "license": "MIT OR Apache-2.0",
      "optional": true,
      "os": [
        "win32"
      ],
      "engines": {
        "node": ">=14.21.3"
      }
    },
    "node_modules/@biomejs/cli-win32-x64": {
      "version": "2.4.15",
      "resolved": "https://registry.npmjs.org/@biomejs/cli-win32-x64/-/cli-win32-x64-2.4.15.tgz",
      "integrity": "sha512-zBrGq5mx5wwpnow4+2BxUvleDM+GNd4sLbPaMapsSLQLD0NGRCquqPBTgN+7XkUteHvj7M+BstuI8tmnV7+HgQ==",
      "cpu": [
        "x64"
      ],
      "dev": true,
      "license": "MIT OR Apache-2.0",
      "optional": true,
      "os": [
        "win32"
      ],
      "engines": {
        "node": ">=14.21.3"
      }
    },
    "node_modules/@esbuild/aix-ppc64": {
      "version": "0.28.0",
      "resolved": "https://registry.npmjs.org/@esbuild/aix-ppc64/-/aix-ppc64-0.28.0.tgz",
      "integrity": "sha512-lhRUCeuOyJQURhTxl4WkpFTjIsbDayJHih5kZC1giwE+MhIzAb7mEsQMqMf18rHLsrb5qI1tafG20mLxEWcWlA==",
      "cpu": [
        "ppc64"
      ],
      "dev": true,
      "license": "MIT",
      "optional": true,
      "os": [
        "aix"
      ],
      "engines": {
        "node": ">=18"
      }
    },
    "node_modules/@esbuild/android-arm": {
      "version": "0.28.0",
      "resolved": "https://registry.npmjs.org/@esbuild/android-arm/-/android-arm-0.28.0.tgz",
      "integrity": "sha512-wqh0ByljabXLKHeWXYLqoJ5jKC4XBaw6Hk08OfMrCRd2nP2ZQ5eleDZC41XHyCNgktBGYMbqnrJKq/K/lzPMSQ==",
      "cpu": [
        "arm"
      ],
      "dev": true,
      "license": "MIT",
      "optional": true,
      "os": [
        "android"
      ],
      "engines": {
        "node": ">=18"
      }
    },
    "node_modules/@esbuild/android-arm64": {
      "version": "0.28.0",
      "resolved": "https://registry.npmjs.org/@esbuild/android-arm64/-/android-arm64-0.28.0.tgz",
      "integrity": "sha512-+WzIXQOSaGs33tLEgYPYe/yQHf0WTU0X42Jca3y8NWMbUVhp7rUnw+vAsRC/QiDrdD31IszMrZy+qwPOPjd+rw==",
      "cpu": [
        "arm64"
      ],
      "dev": true,
      "license": "MIT",
      "optional": true,
      "os": [
        "android"
      ],
      "engines": {
        "node": ">=18"
      }
    },
    "node_modules/@esbuild/android-x64": {
      "version": "0.28.0",
      "resolved": "https://registry.npmjs.org/@esbuild/android-x64/-/android-x64-0.28.0.tgz",
      "integrity": "sha512-+VJggoaKhk2VNNqVL7f6S189UzShHC/mR9EE8rDdSkdpN0KflSwWY/gWjDrNxxisg8Fp1ZCD9jLMo4m0OUfeUA==",
      "cpu": [
        "x64"
      ],
      "dev": true,
      "license": "MIT",
      "optional": true,
      "os": [
        "android"
      ],
      "engines": {
        "node": ">=18"
      }
    },
    "node_modules/@esbuild/darwin-arm64": {
      "version": "0.28.0",
      "resolved": "https://registry.npmjs.org/@esbuild/darwin-arm64/-/darwin-arm64-0.28.0.tgz",
      "integrity": "sha512-0T+A9WZm+bZ84nZBtk1ckYsOvyA3x7e2Acj1KdVfV4/2tdG4fzUp91YHx+GArWLtwqp77pBXVCPn2We7Letr0Q==",
      "cpu": [
        "arm64"
      ],
      "dev": true,
      "license": "MIT",
      "optional": true,
      "os": [
        "darwin"
      ],
      "engines": {
        "node": ">=18"
      }
    },
    "node_modules/@esbuild/darwin-x64": {
      "version": "0.28.0",
      "resolved": "https://registry.npmjs.org/@esbuild/darwin-x64/-/darwin-x64-0.28.0.tgz",
      "integrity": "sha512-fyzLm/DLDl/84OCfp2f/XQ4flmORsjU7VKt8HLjvIXChJoFFOIL6pLJPH4Yhd1n1gGFF9mPwtlN5Wf82DZs+LQ==",
      "cpu": [
        "x64"
      ],
      "dev": true,
      "license": "MIT",
      "optional": true,
      "os": [
        "darwin"
      ],
      "engines": {
        "node": ">=18"
      }
    },
    "node_modules/@esbuild/freebsd-arm64": {
      "version": "0.28.0",
      "resolved": "https://registry.npmjs.org/@esbuild/freebsd-arm64/-/freebsd-arm64-0.28.0.tgz",
      "integrity": "sha512-l9GeW5UZBT9k9brBYI+0WDffcRxgHQD8ShN2Ur4xWq/NFzUKm3k5lsH4PdaRgb2w7mI9u61nr2gI2mLI27Nh3Q==",
      "cpu": [
        "arm64"
      ],
      "dev": true,
      "license": "MIT",
      "optional": true,
      "os": [
        "freebsd"
      ],
      "engines": {
        "node": ">=18"
      }
    },
    "node_modules/@esbuild/freebsd-x64": {
      "version": "0.28.0",
      "resolved": "https://registry.npmjs.org/@esbuild/freebsd-x64/-/freebsd-x64-0.28.0.tgz",
      "integrity": "sha512-BXoQai/A0wPO6Es3yFJ7APCiKGc1tdAEOgeTNy3SsB491S3aHn4S4r3e976eUnPdU+NbdtmBuLncYir2tMU9Nw==",
      "cpu": [
        "x64"
      ],
      "dev": true,
      "license": "MIT",
      "optional": true,
      "os": [
        "freebsd"
      ],
      "engines": {
        "node": ">=18"
      }
    },
    "node_modules/@esbuild/linux-arm": {
      "version": "0.28.0",
      "resolved": "https://registry.npmjs.org/@esbuild/linux-arm/-/linux-arm-0.28.0.tgz",
      "integrity": "sha512-CjaaREJagqJp7iTaNQjjidaNbCKYcd4IDkzbwwxtSvjI7NZm79qiHc8HqciMddQ6CKvJT6aBd8lO9kN/ZudLlw==",
      "cpu": [
        "arm"
      ],
      "dev": true,
      "license": "MIT",
      "optional": true,
      "os": [
        "linux"
      ],
      "engines": {
        "node": ">=18"
      }
    },
    "node_modules/@esbuild/linux-arm64": {
      "version": "0.28.0",
      "resolved": "https://registry.npmjs.org/@esbuild/linux-arm64/-/linux-arm64-0.28.0.tgz",
      "integrity": "sha512-RVyzfb3FWsGA55n6WY0MEIEPURL1FcbhFE6BffZEMEekfCzCIMtB5yyDcFnVbTnwk+CLAgTujmV/Lgvih56W+A==",
      "cpu": [
        "arm64"
      ],
      "dev": true,
      "license": "MIT",
      "optional": true,
      "os": [
        "linux"
      ],
      "engines": {
        "node": ">=18"
      }
    },
    "node_modules/@esbuild/linux-ia32": {
      "version": "0.28.0",
      "resolved": "https://registry.npmjs.org/@esbuild/linux-ia32/-/linux-ia32-0.28.0.tgz",
      "integrity": "sha512-KBnSTt1kxl9x70q+ydterVdl+Cn0H18ngRMRCEQfrbqdUuntQQ0LoMZv47uB97NljZFzY6HcfqEZ2SAyIUTQBQ==",
      "cpu": [
        "ia32"
      ],
      "dev": true,
      "license": "MIT",
      "optional": true,
      "os": [
        "linux"
      ],
      "engines": {
        "node": ">=18"
      }
    },
    "node_modules/@esbuild/linux-loong64": {
      "version": "0.28.0",
      "resolved": "https://registry.npmjs.org/@esbuild/linux-loong64/-/linux-loong64-0.28.0.tgz",
      "integrity": "sha512-zpSlUce1mnxzgBADvxKXX5sl8aYQHo2ezvMNI8I0lbblJtp8V4odlm3Yzlj7gPyt3T8ReksE6bK+pT3WD+aJRg==",
      "cpu": [
        "loong64"
      ],
      "dev": true,
      "license": "MIT",
      "optional": true,
      "os": [
        "linux"
      ],
      "engines": {
        "node": ">=18"
      }
    },
    "node_modules/@esbuild/linux-mips64el": {
      "version": "0.28.0",
      "resolved": "https://registry.npmjs.org/@esbuild/linux-mips64el/-/linux-mips64el-0.28.0.tgz",
      "integrity": "sha512-2jIfP6mmjkdmeTlsX/9vmdmhBmKADrWqN7zcdtHIeNSCH1SqIoNI63cYsjQR8J+wGa4Y5izRcSHSm8K3QWmk3w==",
      "cpu": [
        "mips64el"
      ],
      "dev": true,
      "license": "MIT",
      "optional": true,
      "os": [
        "linux"
      ],
      "engines": {
        "node": ">=18"
      }
    },
    "node_modules/@esbuild/linux-ppc64": {
      "version": "0.28.0",
      "resolved": "https://registry.npmjs.org/@esbuild/linux-ppc64/-/linux-ppc64-0.28.0.tgz",
      "integrity": "sha512-bc0FE9wWeC0WBm49IQMPSPILRocGTQt3j5KPCA8os6VprfuJ7KD+5PzESSrJ6GmPIPJK965ZJHTUlSA6GNYEhg==",
      "cpu": [
        "ppc64"
      ],
      "dev": true,
      "license": "MIT",
      "optional": true,
      "os": [
        "linux"
      ],
      "engines": {
        "node": ">=18"
      }
    },
    "node_modules/@esbuild/linux-riscv64": {
      "version": "0.28.0",
      "resolved": "https://registry.npmjs.org/@esbuild/linux-riscv64/-/linux-riscv64-0.28.0.tgz",
      "integrity": "sha512-SQPZOwoTTT/HXFXQJG/vBX8sOFagGqvZyXcgLA3NhIqcBv1BJU1d46c0rGcrij2B56Z2rNiSLaZOYW5cUk7yLQ==",
      "cpu": [
        "riscv64"
      ],
      "dev": true,
      "license": "MIT",
      "optional": true,
      "os": [
        "linux"
      ],
      "engines": {
        "node": ">=18"
      }
    },
    "node_modules/@esbuild/linux-s390x": {
      "version": "0.28.0",
      "resolved": "https://registry.npmjs.org/@esbuild/linux-s390x/-/linux-s390x-0.28.0.tgz",
      "integrity": "sha512-SCfR0HN8CEEjnYnySJTd2cw0k9OHB/YFzt5zgJEwa+wL/T/raGWYMBqwDNAC6dqFKmJYZoQBRfHjgwLHGSrn3Q==",
      "cpu": [
        "s390x"
      ],
      "dev": true,
      "license": "MIT",
      "optional": true,
      "os": [
        "linux"
      ],
      "engines": {
        "node": ">=18"
      }
    },
    "node_modules/@esbuild/linux-x64": {
      "version": "0.28.0",
      "resolved": "https://registry.npmjs.org/@esbuild/linux-x64/-/linux-x64-0.28.0.tgz",
      "integrity": "sha512-us0dSb9iFxIi8srnpl931Nvs65it/Jd2a2K3qs7fz2WfGPHqzfzZTfec7oxZJRNPXPnNYZtanmRc4AL/JwVzHQ==",
      "cpu": [
        "x64"
      ],
      "dev": true,
      "license": "MIT",
      "optional": true,
      "os": [
        "linux"
      ],
      "engines": {
        "node": ">=18"
      }
    },
    "node_modules/@esbuild/netbsd-arm64": {
      "version": "0.28.0",
      "resolved": "https://registry.npmjs.org/@esbuild/netbsd-arm64/-/netbsd-arm64-0.28.0.tgz",
      "integrity": "sha512-CR/RYotgtCKwtftMwJlUU7xCVNg3lMYZ0RzTmAHSfLCXw3NtZtNpswLEj/Kkf6kEL3Gw+BpOekRX0BYCtklhUw==",
      "cpu": [
        "arm64"
      ],
      "dev": true,
      "license": "MIT",
      "optional": true,
      "os": [
        "netbsd"
      ],
      "engines": {
        "node": ">=18"
      }
    },
    "node_modules/@esbuild/netbsd-x64": {
      "version": "0.28.0",
      "resolved": "https://registry.npmjs.org/@esbuild/netbsd-x64/-/netbsd-x64-0.28.0.tgz",
      "integrity": "sha512-nU1yhmYutL+fQ71Kxnhg8uEOdC0pwEW9entHykTgEbna2pw2dkbFSMeqjjyHZoCmt8SBkOSvV+yNmm94aUrrqw==",
      "cpu": [
        "x64"
      ],
      "dev": true,
      "license": "MIT",
      "optional": true,
      "os": [
        "netbsd"
      ],
      "engines": {
        "node": ">=18"
      }
    },
    "node_modules/@esbuild/openbsd-arm64": {
      "version": "0.28.0",
      "resolved": "https://registry.npmjs.org/@esbuild/openbsd-arm64/-/openbsd-arm64-0.28.0.tgz",
      "integrity": "sha512-cXb5vApOsRsxsEl4mcZ1XY3D4DzcoMxR/nnc4IyqYs0rTI8ZKmW6kyyg+11Z8yvgMfAEldKzP7AdP64HnSC/6g==",
      "cpu": [
        "arm64"
      ],
      "dev": true,
      "license": "MIT",
      "optional": true,
      "os": [
        "openbsd"
      ],
      "engines": {
        "node": ">=18"
      }
    },
    "node_modules/@esbuild/openbsd-x64": {
      "version": "0.28.0",
      "resolved": "https://registry.npmjs.org/@esbuild/openbsd-x64/-/openbsd-x64-0.28.0.tgz",
      "integrity": "sha512-8wZM2qqtv9UP3mzy7HiGYNH/zjTA355mpeuA+859TyR+e+Tc08IHYpLJuMsfpDJwoLo1ikIJI8jC3GFjnRClzA==",
      "cpu": [
        "x64"
      ],
      "dev": true,
      "license": "MIT",
      "optional": true,
      "os": [
        "openbsd"
      ],
      "engines": {
        "node": ">=18"
      }
    },
    "node_modules/@esbuild/openharmony-arm64": {
      "version": "0.28.0",
      "resolved": "https://registry.npmjs.org/@esbuild/openharmony-arm64/-/openharmony-arm64-0.28.0.tgz",
      "integrity": "sha512-FLGfyizszcef5C3YtoyQDACyg95+dndv79i2EekILBofh5wpCa1KuBqOWKrEHZg3zrL3t5ouE5jgr94vA+Wb2w==",
      "cpu": [
        "arm64"
      ],
      "dev": true,
      "license": "MIT",
      "optional": true,
      "os": [
        "openharmony"
      ],
      "engines": {
        "node": ">=18"
      }
    },
    "node_modules/@esbuild/sunos-x64": {
      "version": "0.28.0",
      "resolved": "https://registry.npmjs.org/@esbuild/sunos-x64/-/sunos-x64-0.28.0.tgz",
      "integrity": "sha512-1ZgjUoEdHZZl/YlV76TSCz9Hqj9h9YmMGAgAPYd+q4SicWNX3G5GCyx9uhQWSLcbvPW8Ni7lj4gDa1T40akdlw==",
      "cpu": [
        "x64"
      ],
      "dev": true,
      "license": "MIT",
      "optional": true,
      "os": [
        "sunos"
      ],
      "engines": {
        "node": ">=18"
      }
    },
    "node_modules/@esbuild/win32-arm64": {
      "version": "0.28.0",
      "resolved": "https://registry.npmjs.org/@esbuild/win32-arm64/-/win32-arm64-0.28.0.tgz",
      "integrity": "sha512-Q9StnDmQ/enxnpxCCLSg0oo4+34B9TdXpuyPeTedN/6+iXBJ4J+zwfQI28u/Jl40nOYAxGoNi7mFP40RUtkmUA==",
      "cpu": [
        "arm64"
      ],
      "dev": true,
      "license": "MIT",
      "optional": true,
      "os": [
        "win32"
      ],
      "engines": {
        "node": ">=18"
      }
    },
    "node_modules/@esbuild/win32-ia32": {
      "version": "0.28.0",
      "resolved": "https://registry.npmjs.org/@esbuild/win32-ia32/-/win32-ia32-0.28.0.tgz",
      "integrity": "sha512-zF3ag/gfiCe6U2iczcRzSYJKH1DCI+ByzSENHlM2FcDbEeo5Zd2C86Aq0tKUYAJJ1obRP84ymxIAksZUcdztHA==",
      "cpu": [
        "ia32"
      ],
      "dev": true,
      "license": "MIT",
      "optional": true,
      "os": [
        "win32"
      ],
      "engines": {
        "node": ">=18"
      }
    },
    "node_modules/@esbuild/win32-x64": {
      "version": "0.28.0",
      "resolved": "https://registry.npmjs.org/@esbuild/win32-x64/-/win32-x64-0.28.0.tgz",
      "integrity": "sha512-pEl1bO9mfAmIC+tW5btTmrKaujg3zGtUmWNdCw/xs70FBjwAL3o9OEKNHvNmnyylD6ubxUERiEhdsL0xBQ9efw==",
      "cpu": [
        "x64"
      ],
      "dev": true,
      "license": "MIT",
      "optional": true,
      "os": [
        "win32"
      ],
      "engines": {
        "node": ">=18"
      }
    },
    "node_modules/@jridgewell/sourcemap-codec": {
      "version": "1.5.5",
      "resolved": "https://registry.npmjs.org/@jridgewell/sourcemap-codec/-/sourcemap-codec-1.5.5.tgz",
      "integrity": "sha512-cYQ9310grqxueWbl+WuIUIaiUaDcj7WOq5fVhEljNVgRfOUhY9fy2zTvfoqWsnebh8Sl70VScFbICvJnLKB0Og==",
      "license": "MIT"
    },
    "node_modules/@rollup/plugin-replace": {
      "version": "6.0.3",
      "resolved": "https://registry.npmjs.org/@rollup/plugin-replace/-/plugin-replace-6.0.3.tgz",
      "integrity": "sha512-J4RZarRvQAm5IF0/LwUUg+obsm+xZhYnbMXmXROyoSE1ATJe3oXSb9L5MMppdxP2ylNSjv6zFBwKYjcKMucVfA==",
      "license": "MIT",
      "dependencies": {
        "@rollup/pluginutils": "^5.0.1",
        "magic-string": "^0.30.3"
      },
      "engines": {
        "node": ">=14.0.0"
      },
      "peerDependencies": {
        "rollup": "^1.20.0||^2.0.0||^3.0.0||^4.0.0"
      },
      "peerDependenciesMeta": {
        "rollup": {
          "optional": true
        }
      }
    },
    "node_modules/@rollup/pluginutils": {
      "version": "5.3.0",
      "resolved": "https://registry.npmjs.org/@rollup/pluginutils/-/pluginutils-5.3.0.tgz",
      "integrity": "sha512-5EdhGZtnu3V88ces7s53hhfK5KSASnJZv8Lulpc04cWO3REESroJXg73DFsOmgbU2BhwV0E20bu2IDZb3VKW4Q==",
      "license": "MIT",
      "dependencies": {
        "@types/estree": "^1.0.0",
        "estree-walker": "^2.0.2",
        "picomatch": "^4.0.2"
      },
      "engines": {
        "node": ">=14.0.0"
      },
      "peerDependencies": {
        "rollup": "^1.20.0||^2.0.0||^3.0.0||^4.0.0"
      },
      "peerDependenciesMeta": {
        "rollup": {
          "optional": true
        }
      }
    },
    "node_modules/@types/css-font-loading-module": {
      "version": "0.0.7",
      "resolved": "https://registry.npmjs.org/@types/css-font-loading-module/-/css-font-loading-module-0.0.7.tgz",
      "integrity": "sha512-nl09VhutdjINdWyXxHWN/w9zlNCfr60JUqJbd24YXUuCwgeL0TpFSdElCwb6cxfB6ybE19Gjj4g0jsgkXxKv1Q==",
      "license": "MIT"
    },
    "node_modules/@types/estree": {
      "version": "1.0.9",
      "resolved": "https://registry.npmjs.org/@types/estree/-/estree-1.0.9.tgz",
      "integrity": "sha512-GhdPgy1el4/ImP05X05Uw4cw2/M93BCUmnEvWZNStlCzEKME4Fkk+YpoA5OiHNQmoS7Cafb8Xa3Pya8m1Qrzeg==",
      "license": "MIT"
    },
    "node_modules/@types/zen-observable": {
      "version": "0.8.3",
      "resolved": "https://registry.npmjs.org/@types/zen-observable/-/zen-observable-0.8.3.tgz",
      "integrity": "sha512-fbF6oTd4sGGy0xjHPKAt+eS2CrxJ3+6gQ3FGcBoIJR2TLAyCkCyI8JqZNy+FeON0AhVgNJoUumVoZQjBFUqHkw==",
      "license": "MIT"
    },
    "node_modules/@xstate/fsm": {
      "version": "1.6.5",
      "resolved": "https://registry.npmjs.org/@xstate/fsm/-/fsm-1.6.5.tgz",
      "integrity": "sha512-b5o1I6aLNeYlU/3CPlj/Z91ybk1gUsKT+5NAJI+2W4UjvS5KLG28K9v5UvNoFVjHV8PajVZ00RH3vnjyQO7ZAw==",
      "license": "MIT"
    },
    "node_modules/base64-arraybuffer": {
      "version": "1.0.2",
      "resolved": "https://registry.npmjs.org/base64-arraybuffer/-/base64-arraybuffer-1.0.2.tgz",
      "integrity": "sha512-I3yl4r9QB5ZRY3XuJVEPfc2XhZO6YweFPI+UovAzn+8/hb3oJ6lnysaFcjVpkCPfVWFUDvoZ8kmVDP7WyRtYtQ==",
      "license": "MIT",
      "engines": {
        "node": ">= 0.6.0"
      }
    },
    "node_modules/base64-js": {
      "version": "1.5.1",
      "resolved": "https://registry.npmjs.org/base64-js/-/base64-js-1.5.1.tgz",
      "integrity": "sha512-AKpaYlHn8t4SVbOHCy+b5+KKgvR4vrsD8vbvrbiQJps7fKDTkjkDry6ji0rUJjC0kzbNePLwzxq8iypo41qeWA==",
      "funding": [
        {
          "type": "github",
          "url": "https://github.com/sponsors/feross"
        },
        {
          "type": "patreon",
          "url": "https://www.patreon.com/feross"
        },
        {
          "type": "consulting",
          "url": "https://feross.org/support"
        }
      ],
      "license": "MIT"
    },
    "node_modules/esbuild": {
      "version": "0.28.0",
      "resolved": "https://registry.npmjs.org/esbuild/-/esbuild-0.28.0.tgz",
      "integrity": "sha512-sNR9MHpXSUV/XB4zmsFKN+QgVG82Cc7+/aaxJ8Adi8hyOac+EXptIp45QBPaVyX3N70664wRbTcLTOemCAnyqw==",
      "dev": true,
      "hasInstallScript": true,
      "license": "MIT",
      "bin": {
        "esbuild": "bin/esbuild"
      },
      "engines": {
        "node": ">=18"
      },
      "optionalDependencies": {
        "@esbuild/aix-ppc64": "0.28.0",
        "@esbuild/android-arm": "0.28.0",
        "@esbuild/android-arm64": "0.28.0",
        "@esbuild/android-x64": "0.28.0",
        "@esbuild/darwin-arm64": "0.28.0",
        "@esbuild/darwin-x64": "0.28.0",
        "@esbuild/freebsd-arm64": "0.28.0",
        "@esbuild/freebsd-x64": "0.28.0",
        "@esbuild/linux-arm": "0.28.0",
        "@esbuild/linux-arm64": "0.28.0",
        "@esbuild/linux-ia32": "0.28.0",
        "@esbuild/linux-loong64": "0.28.0",
        "@esbuild/linux-mips64el": "0.28.0",
        "@esbuild/linux-ppc64": "0.28.0",
        "@esbuild/linux-riscv64": "0.28.0",
        "@esbuild/linux-s390x": "0.28.0",
        "@esbuild/linux-x64": "0.28.0",
        "@esbuild/netbsd-arm64": "0.28.0",
        "@esbuild/netbsd-x64": "0.28.0",
        "@esbuild/openbsd-arm64": "0.28.0",
        "@esbuild/openbsd-x64": "0.28.0",
        "@esbuild/openharmony-arm64": "0.28.0",
        "@esbuild/sunos-x64": "0.28.0",
        "@esbuild/win32-arm64": "0.28.0",
        "@esbuild/win32-ia32": "0.28.0",
        "@esbuild/win32-x64": "0.28.0"
      }
    },
    "node_modules/estree-walker": {
      "version": "2.0.2",
      "resolved": "https://registry.npmjs.org/estree-walker/-/estree-walker-2.0.2.tgz",
      "integrity": "sha512-Rfkk/Mp/DL7JVje3u18FxFujQlTNR2q6QfMSMB7AvCBx91NGj/ba3kCfza0f6dVDbw7YlRf/nDrn7pQrCCyQ/w==",
      "license": "MIT"
    },
    "node_modules/fflate": {
      "version": "0.4.8",
      "resolved": "https://registry.npmjs.org/fflate/-/fflate-0.4.8.tgz",
      "integrity": "sha512-FJqqoDBR00Mdj9ppamLa/Y7vxm+PRmNWA67N846RvsoYVMKB4q3y/de5PA7gUmRMYK/8CMz2GDZQmCRN1wBcWA==",
      "license": "MIT"
    },
    "node_modules/idb": {
      "version": "8.0.0",
      "resolved": "https://registry.npmjs.org/idb/-/idb-8.0.0.tgz",
      "integrity": "sha512-l//qvlAKGmQO31Qn7xdzagVPPaHTxXx199MhrAFuVBTPqydcPYBWjkrbv4Y0ktB+GmWOiwHl237UUOrLmQxLvw==",
      "license": "ISC"
    },
    "node_modules/idb-keyval": {
      "version": "6.2.4",
      "resolved": "https://registry.npmjs.org/idb-keyval/-/idb-keyval-6.2.4.tgz",
      "integrity": "sha512-D/NzHWUmYJGXi++z67aMSrnisb9A3621CyRK5G89JyTlN13C8xf0g04DLxUKMufPem3e3L2JAXR6Z00OWy183Q==",
      "license": "Apache-2.0"
    },
    "node_modules/js-base64": {
      "version": "3.7.8",
      "resolved": "https://registry.npmjs.org/js-base64/-/js-base64-3.7.8.tgz",
      "integrity": "sha512-hNngCeKxIUQiEUN3GPJOkz4wF/YvdUdbNL9hsBcMQTkKzboD7T/q3OYOuuPZLUE6dBxSGpwhk5mwuDud7JVAow==",
      "license": "BSD-3-Clause"
    },
    "node_modules/magic-string": {
      "version": "0.30.21",
      "resolved": "https://registry.npmjs.org/magic-string/-/magic-string-0.30.21.tgz",
      "integrity": "sha512-vd2F4YUyEXKGcLHoq+TEyCjxueSeHnFxyyjNp80yg0XV4vUhnDer/lvvlqM/arB5bXQN5K2/3oinyCRyx8T2CQ==",
      "license": "MIT",
      "dependencies": {
        "@jridgewell/sourcemap-codec": "^1.5.5"
      }
    },
    "node_modules/mitt": {
      "version": "3.0.1",
      "resolved": "https://registry.npmjs.org/mitt/-/mitt-3.0.1.tgz",
      "integrity": "sha512-vKivATfr97l2/QBCYAkXYDbrIWPM2IIKEl7YPhjCvKlG3kE2gm+uBo6nEXK3M5/Ffh/FLpKExzOQ3JJoJGFKBw==",
      "license": "MIT"
    },
    "node_modules/nanoid": {
      "version": "3.3.12",
      "resolved": "https://registry.npmjs.org/nanoid/-/nanoid-3.3.12.tgz",
      "integrity": "sha512-ZB9RH/39qpq5Vu6Y+NmUaFhQR6pp+M2Xt76XBnEwDaGcVAqhlvxrl3B2bKS5D3NH3QR76v3aSrKaF/Kiy7lEtQ==",
      "funding": [
        {
          "type": "github",
          "url": "https://github.com/sponsors/ai"
        }
      ],
      "license": "MIT",
      "bin": {
        "nanoid": "bin/nanoid.cjs"
      },
      "engines": {
        "node": "^10 || ^12 || ^13.7 || ^14 || >=15.0.1"
      }
    },
    "node_modules/picocolors": {
      "version": "1.1.1",
      "resolved": "https://registry.npmjs.org/picocolors/-/picocolors-1.1.1.tgz",
      "integrity": "sha512-xceH2snhtb5M9liqDsmEw56le376mTZkEX/jEb/RxNFyegNul7eNslCXP9FDj/Lcu0X8KEyMceP2ntpaHrDEVA==",
      "license": "ISC"
    },
    "node_modules/picomatch": {
      "version": "4.0.4",
      "resolved": "https://registry.npmjs.org/picomatch/-/picomatch-4.0.4.tgz",
      "integrity": "sha512-QP88BAKvMam/3NxH6vj2o21R6MjxZUAd6nlwAS/pnGvN9IVLocLHxGYIzFhg6fUQ+5th6P4dv4eW9jX3DSIj7A==",
      "license": "MIT",
      "engines": {
        "node": ">=12"
      },
      "funding": {
        "url": "https://github.com/sponsors/jonschlinkert"
      }
    },
    "node_modules/postcss": {
      "version": "8.5.15",
      "resolved": "https://registry.npmjs.org/postcss/-/postcss-8.5.15.tgz",
      "integrity": "sha512-FfR8sjd4em2T6fb3I2MwAJU7HWVMr9zba+enmQeeWFfCbm+UOC/0X4DS8XtpUTMwWMGbjKYP7xjfNekzyGmB3A==",
      "funding": [
        {
          "type": "opencollective",
          "url": "https://opencollective.com/postcss/"
        },
        {
          "type": "tidelift",
          "url": "https://tidelift.com/funding/github/npm/postcss"
        },
        {
          "type": "github",
          "url": "https://github.com/sponsors/ai"
        }
      ],
      "license": "MIT",
      "dependencies": {
        "nanoid": "^3.3.12",
        "picocolors": "^1.1.1",
        "source-map-js": "^1.2.1"
      },
      "engines": {
        "node": "^10 || ^12 || >=14"
      }
    },
    "node_modules/safe-json-stringify": {
      "version": "1.2.0",
      "resolved": "https://registry.npmjs.org/safe-json-stringify/-/safe-json-stringify-1.2.0.tgz",
      "integrity": "sha512-gH8eh2nZudPQO6TytOvbxnuhYBOvDBBLW52tz5q6X58lJcd/tkmqFR+5Z9adS8aJtURSXWThWy/xJtJwixErvg==",
      "license": "MIT"
    },
    "node_modules/source-map-js": {
      "version": "1.2.1",
      "resolved": "https://registry.npmjs.org/source-map-js/-/source-map-js-1.2.1.tgz",
      "integrity": "sha512-UXWMKhLOwVKb728IUtQPXxfYU+usdybtUrK/8uGE8CQMvrhOpwvzDBwj0QhSL7MQc7vIsISBG8VQ8+IDQxpfQA==",
      "license": "BSD-3-Clause",
      "engines": {
        "node": ">=0.10.0"
      }
    },
    "node_modules/tslib": {
      "version": "2.8.1",
      "resolved": "https://registry.npmjs.org/tslib/-/tslib-2.8.1.tgz",
      "integrity": "sha512-oJFu94HQb+KVduSUQL7wnpmqnfmLsOA/nAh6b6EH0wCEoK0/mPeXU6c3wKDV83MkOuHPRHtSXKKU99IBazS/2w==",
      "license": "0BSD"
    },
    "node_modules/unfetch": {
      "version": "4.1.0",
      "resolved": "https://registry.npmjs.org/unfetch/-/unfetch-4.1.0.tgz",
      "integrity": "sha512-crP/n3eAPUJxZXM9T80/yv0YhkTEx2K1D3h7D1AJM6fzsWZrxdyRuLN0JH/dkZh1LNH8LxCnBzoPFCPbb2iGpg==",
      "license": "MIT"
    },
    "node_modules/web-vitals": {
      "version": "5.1.0",
      "resolved": "https://registry.npmjs.org/web-vitals/-/web-vitals-5.1.0.tgz",
      "integrity": "sha512-ArI3kx5jI0atlTtmV0fWU3fjpLmq/nD3Zr1iFFlJLaqa5wLBkUSzINwBPySCX/8jRyjlmy1Volw1kz1g9XE4Jg==",
      "license": "Apache-2.0"
    },
    "node_modules/zen-observable": {
      "version": "0.10.0",
      "resolved": "https://registry.npmjs.org/zen-observable/-/zen-observable-0.10.0.tgz",
      "integrity": "sha512-iI3lT0iojZhKwT5DaFy2Ce42n3yFcLdFyOh01G7H0flMY60P8MJuVFEoJoNwXlmAyQ45GrjL6AcZmmlv8A5rbw==",
      "license": "MIT"
    }
  }
}
